
Microsoft Visual Studio Solution File, Format Version 12.00
# Visual Studio Version 16
VisualStudioVersion = 16.0.30011.22
MinimumVisualStudioVersion = 10.0.40219.1
Project("{FAE04EC0-301F-11D3-BF4B-00C04F79EFBC}") = "Investment", "Investment\Investment.csproj", "{EE4EE101-18D7-4731-898F-8E88E940FA64}"
EndProject
Global
	GlobalSection(SolutionConfigurationPlatforms) = preSolution
		Debug|Any CPU = Debug|Any CPU
		Release|Any CPU = Release|Any CPU
	EndGlobalSection
	GlobalSection(ProjectConfigurationPlatforms) = postSolution
		{EE4EE101-18D7-4731-898F-8E88E940FA64}.Debug|Any CPU.ActiveCfg = Debug|Any CPU
		{EE4EE101-18D7-4731-898F-8E88E940FA64}.Debug|Any CPU.Build.0 = Debug|Any CPU
		{EE4EE101-18D7-4731-898F-8E88E940FA64}.Release|Any CPU.ActiveCfg = Release|Any CPU
		{EE4EE101-18D7-4731-898F-8E88E940FA64}.Release|Any CPU.Build.0 = Release|Any CPU
	EndGlobalSection
	GlobalSection(SolutionProperties) = preSolution
		HideSolutionNode = FALSE
	EndGlobalSection
	GlobalSection(ExtensibilityGlobals) = postSolution
		SolutionGuid = {9C60A50C-D3C6-4C68-B754-F0AF328E7DCD}
	EndGlobalSection
EndGlobal
